
Microsoft Visual Studio Solution File, Format Version 12.00
# Visual Studio Version 17
VisualStudioVersion = 17.6.33712.159
MinimumVisualStudioVersion = 10.0.40219.1
Project("{54A90642-561A-4BB1-A94E-469ADEE60C69}") = "angularapp", "angularapp\angularapp.esproj", "{9783F956-7FD8-4673-A3A8-2C29376F6B24}"
EndProject
Project("{9A19103F-16F7-4668-BE54-9A1E7A4F7556}") = "webapi", "webapi\webapi.csproj", "{C64E5131-2CA7-4BBF-ABD4-7FE14140F939}"
EndProject
Global
	GlobalSection(SolutionConfigurationPlatforms) = preSolution
		Debug|Any CPU = Debug|Any CPU
		Release|Any CPU = Release|Any CPU
	EndGlobalSection
	GlobalSection(ProjectConfigurationPlatforms) = postSolution
		{9783F956-7FD8-4673-A3A8-2C29376F6B24}.Debug|Any CPU.ActiveCfg = Debug|Any CPU
		{9783F956-7FD8-4673-A3A8-2C29376F6B24}.Debug|Any CPU.Build.0 = Debug|Any CPU
		{9783F956-7FD8-4673-A3A8-2C29376F6B24}.Debug|Any CPU.Deploy.0 = Debug|Any CPU
		{9783F956-7FD8-4673-A3A8-2C29376F6B24}.Release|Any CPU.ActiveCfg = Release|Any CPU
		{9783F956-7FD8-4673-A3A8-2C29376F6B24}.Release|Any CPU.Build.0 = Release|Any CPU
		{9783F956-7FD8-4673-A3A8-2C29376F6B24}.Release|Any CPU.Deploy.0 = Release|Any CPU
		{C64E5131-2CA7-4BBF-ABD4-7FE14140F939}.Debug|Any CPU.ActiveCfg = Debug|Any CPU
		{C64E5131-2CA7-4BBF-ABD4-7FE14140F939}.Debug|Any CPU.Build.0 = Debug|Any CPU
		{C64E5131-2CA7-4BBF-ABD4-7FE14140F939}.Release|Any CPU.ActiveCfg = Release|Any CPU
		{C64E5131-2CA7-4BBF-ABD4-7FE14140F939}.Release|Any CPU.Build.0 = Release|Any CPU
	EndGlobalSection
	GlobalSection(SolutionProperties) = preSolution
		HideSolutionNode = FALSE
	EndGlobalSection
	GlobalSection(ExtensibilityGlobals) = postSolution
		SolutionGuid = {EEC3E241-65AB-4B73-A47B-AEF795F93E1F}
	EndGlobalSection
EndGlobal
